// !$*UTF8*$!
{
	archiveVersion = 1;
	classes = {
	};
	objectVersion = 50;
	objects = {

/* Begin PBXBuildFile section */
		263442324D108720631201E0 /* Pods_BlockChain_Logic.framework in Frameworks */ = {isa = PBXBuildFile; fileRef = 428EFE29DC0FC083ECBB520B /* Pods_BlockChain_Logic.framework */; };
		6005716621DD4698001D73A5 /* Block.swift in Sources */ = {isa = PBXBuildFile; fileRef = 6005716521DD4698001D73A5 /* Block.swift */; };
		6005716821DD46BC001D73A5 /* Blockchain.swift in Sources */ = {isa = PBXBuildFile; fileRef = 6005716721DD46BC001D73A5 /* Blockchain.swift */; };
		6005716A21DD473C001D73A5 /* CustomButton.swift in Sources */ = {isa = PBXBuildFile; fileRef = 6005716921DD473C001D73A5 /* CustomButton.swift */; };
		60EC05F721DD45BA006AFE45 /* AppDelegate.swift in Sources */ = {isa = PBXBuildFile; fileRef = 60EC05F621DD45BA006AFE45 /* AppDelegate.swift */; };
		60EC05F921DD45BA006AFE45 /* MainViewController.swift in Sources */ = {isa = PBXBuildFile; fileRef = 60EC05F821DD45BA006AFE45 /* MainViewController.swift */; };
		60EC05FC21DD45BA006AFE45 /* Main.storyboard in Resources */ = {isa = PBXBuildFile; fileRef = 60EC05FA21DD45BA006AFE45 /* Main.storyboard */; };
		60EC05FF21DD45BA006AFE45 /* BlockChain_Logic.xcdatamodeld in Sources */ = {isa = PBXBuildFile; fileRef = 60EC05FD21DD45BA006AFE45 /* BlockChain_Logic.xcdatamodeld */; };
		60EC060121DD45BA006AFE45 /* Assets.xcassets in Resources */ = {isa = PBXBuildFile; fileRef = 60EC060021DD45BA006AFE45 /* Assets.xcassets */; };
		60EC060421DD45BA006AFE45 /* LaunchScreen.storyboard in Resources */ = {isa = PBXBuildFile; fileRef = 60EC060221DD45BA006AFE45 /* LaunchScreen.storyboard */; };
/* End PBXBuildFile section */

/* Begin PBXFileReference section */
		428EFE29DC0FC083ECBB520B /* Pods_BlockChain_Logic.framework */ = {isa = PBXFileReference; explicitFileType = wrapper.framework; includeInIndex = 0; path = Pods_BlockChain_Logic.framework; sourceTree = BUILT_PRODUCTS_DIR; };
		6005716521DD4698001D73A5 /* Block.swift */ = {isa = PBXFileReference; lastKnownFileType = sourcecode.swift; path = Block.swift; sourceTree = "<group>"; };
		6005716721DD46BC001D73A5 /* Blockchain.swift */ = {isa = PBXFileReference; lastKnownFileType = sourcecode.swift; path = Blockchain.swift; sourceTree = "<group>"; };
		6005716921DD473C001D73A5 /* CustomButton.swift */ = {isa = PBXFileReference; lastKnownFileType = sourcecode.swift; path = CustomButton.swift; sourceTree = "<group>"; };
		60EC05F321DD45BA006AFE45 /* BlockChain_Logic.app */ = {isa = PBXFileReference; explicitFileType = wrapper.application; includeInIndex = 0; path = BlockChain_Logic.app; sourceTree = BUILT_PRODUCTS_DIR; };
		60EC05F621DD45BA006AFE45 /* AppDelegate.swift */ = {isa = PBXFileReference; lastKnownFileType = sourcecode.swift; path = AppDelegate.swift; sourceTree = "<group>"; };
		60EC05F821DD45BA006AFE45 /* MainViewController.swift */ = {isa = PBXFileReference; lastKnownFileType = sourcecode.swift; path = MainViewController.swift; sourceTree = "<group>"; };
		60EC05FB21DD45BA006AFE45 /* Base */ = {isa = PBXFileReference; lastKnownFileType = file.storyboard; name = Base; path = Base.lproj/Main.storyboard; sourceTree = "<group>"; };
		60EC05FE21DD45BA006AFE45 /* BlockChain_Logic.xcdatamodel */ = {isa = PBXFileReference; lastKnownFileType = wrapper.xcdatamodel; path = BlockChain_Logic.xcdatamodel; sourceTree = "<group>"; };
		60EC060021DD45BA006AFE45 /* Assets.xcassets */ = {isa = PBXFileReference; lastKnownFileType = folder.assetcatalog; path = Assets.xcassets; sourceTree = "<group>"; };
		60EC060321DD45BA006AFE45 /* Base */ = {isa = PBXFileReference; lastKnownFileType = file.storyboard; name = Base; path = Base.lproj/LaunchScreen.storyboard; sourceTree = "<group>"; };
		60EC060521DD45BA006AFE45 /* Info.plist */ = {isa = PBXFileReference; lastKnownFileType = text.plist.xml; path = Info.plist; sourceTree = "<group>"; };
		A3E3D034794BA5B607C95F44 /* Pods-BlockChain_Logic.debug.xcconfig */ = {isa = PBXFileReference; includeInIndex = 1; lastKnownFileType = text.xcconfig; name = "Pods-BlockChain_Logic.debug.xcconfig"; path = "Pods/Target Support Files/Pods-BlockChain_Logic/Pods-BlockChain_Logic.debug.xcconfig"; sourceTree = "<group>"; };
		A54BCC0487AAA9ABB9BC802F /* Pods-BlockChain_Logic.release.xcconfig */ = {isa = PBXFileReference; includeInIndex = 1; lastKnownFileType = text.xcconfig; name = "Pods-BlockChain_Logic.release.xcconfig"; path = "Pods/Target Support Files/Pods-BlockChain_Logic/Pods-BlockChain_Logic.release.xcconfig"; sourceTree = "<group>"; };
/* End PBXFileReference section */

/* Begin PBXFrameworksBuildPhase section */
		60EC05F021DD45BA006AFE45 /* Frameworks */ = {
			isa = PBXFrameworksBuildPhase;
			buildActionMask = 2147483647;
			files = (
				263442324D108720631201E0 /* Pods_BlockChain_Logic.framework in Frameworks */,
			);
			runOnlyForDeploymentPostprocessing = 0;
		};
/* End PBXFrameworksBuildPhase section */

/* Begin PBXGroup section */
		6005716B21DD47BF001D73A5 /* ViewController */ = {
			isa = PBXGroup;
			children = (
				60EC05F821DD45BA006AFE45 /* MainViewController.swift */,
			);
			path = ViewController;
			sourceTree = "<group>";
		};
		6005716C21DD47CF001D73A5 /* CustomButton */ = {
			isa = PBXGroup;
			children = (
				6005716921DD473C001D73A5 /* CustomButton.swift */,
			);
			path = CustomButton;
			sourceTree = "<group>";
		};
		6005716D21DD47E4001D73A5 /* Model */ = {
			isa = PBXGroup;
			children = (
				6005716721DD46BC001D73A5 /* Blockchain.swift */,
				6005716521DD4698001D73A5 /* Block.swift */,
			);
			path = Model;
			sourceTree = "<group>";
		};
		60EC05EA21DD45BA006AFE45 = {
			isa = PBXGroup;
			children = (
				60EC05F521DD45BA006AFE45 /* BlockChain_Logic */,
				60EC05F421DD45BA006AFE45 /* Products */,
				DD026584F1E2790C803B06D9 /* Pods */,
				651B52B90EFFF44B3AEA3BC6 /* Frameworks */,
			);
			sourceTree = "<group>";
		};
		60EC05F421DD45BA006AFE45 /* Products */ = {
			isa = PBXGroup;
			children = (
				60EC05F321DD45BA006AFE45 /* BlockChain_Logic.app */,
			);
			name = Products;
			sourceTree = "<group>";
		};
		60EC05F521DD45BA006AFE45 /* BlockChain_Logic */ = {
			isa = PBXGroup;
			children = (
				60EC05F621DD45BA006AFE45 /* AppDelegate.swift */,
				6005716D21DD47E4001D73A5 /* Model */,
				6005716B21DD47BF001D73A5 /* ViewController */,
				6005716C21DD47CF001D73A5 /* CustomButton */,
				60EC05FA21DD45BA006AFE45 /* Main.storyboard */,
				60EC060021DD45BA006AFE45 /* Assets.xcassets */,
				60EC060221DD45BA006AFE45 /* LaunchScreen.storyboard */,
				60EC060521DD45BA006AFE45 /* Info.plist */,
				60EC05FD21DD45BA006AFE45 /* BlockChain_Logic.xcdatamodeld */,
			);
			path = BlockChain_Logic;
			sourceTree = "<group>";
		};
		651B52B90EFFF44B3AEA3BC6 /* Frameworks */ = {
			isa = PBXGroup;
			children = (
				428EFE29DC0FC083ECBB520B /* Pods_BlockChain_Logic.framework */,
			);
			name = Frameworks;
			sourceTree = "<group>";
		};
		DD026584F1E2790C803B06D9 /* Pods */ = {
			isa = PBXGroup;
			children = (
				A3E3D034794BA5B607C95F44 /* Pods-BlockChain_Logic.debug.xcconfig */,
				A54BCC0487AAA9ABB9BC802F /* Pods-BlockChain_Logic.release.xcconfig */,
			);
			name = Pods;
			sourceTree = "<group>";
		};
/* End PBXGroup section */

/* Begin PBXNativeTarget section */
		60EC05F221DD45BA006AFE45 /* BlockChain_Logic */ = {
			isa = PBXNativeTarget;
			buildConfigurationList = 60EC060821DD45BA006AFE45 /* Build configuration list for PBXNativeTarget "BlockChain_Logic" */;
			buildPhases = (
				D688967698AD1F9380D1CB55 /* [CP] Check Pods Manifest.lock */,
				60EC05EF21DD45BA006AFE45 /* Sources */,
				60EC05F021DD45BA006AFE45 /* Frameworks */,
				60EC05F121DD45BA006AFE45 /* Resources */,
				91EAF7CB9916E7C3DBBA4B79 /* [CP] Embed Pods Frameworks */,
			);
			buildRules = (
			);
			dependencies = (
			);
			name = BlockChain_Logic;
			productName = BlockChain_Logic;
			productReference = 60EC05F321DD45BA006AFE45 /* BlockChain_Logic.app */;
			productType = "com.apple.product-type.application";
		};
/* End PBXNativeTarget section */

/* Begin PBXProject section */
		60EC05EB21DD45BA006AFE45 /* Project object */ = {
			isa = PBXProject;
			attributes = {
				LastSwiftUpdateCheck = 1010;
				LastUpgradeCheck = 1010;
				ORGANIZATIONNAME = "Petar Lemajic";
				TargetAttributes = {
					60EC05F221DD45BA006AFE45 = {
						CreatedOnToolsVersion = 10.1;
					};
				};
			};
			buildConfigurationList = 60EC05EE21DD45BA006AFE45 /* Build configuration list for PBXProject "BlockChain_Logic" */;
			compatibilityVersion = "Xcode 9.3";
			developmentRegion = en;
			hasScannedForEncodings = 0;
			knownRegions = (
				en,
				Base,
			);
			mainGroup = 60EC05EA21DD45BA006AFE45;
			productRefGroup = 60EC05F421DD45BA006AFE45 /* Products */;
			projectDirPath = "";
			projectRoot = "";
			targets = (
				60EC05F221DD45BA006AFE45 /* BlockChain_Logic */,
			);
		};
/* End PBXProject section */

/* Begin PBXResourcesBuildPhase section */
		60EC05F121DD45BA006AFE45 /* Resources */ = {
			isa = PBXResourcesBuildPhase;
			buildActionMask = 2147483647;
			files = (
				60EC060421DD45BA006AFE45 /* LaunchScreen.storyboard in Resources */,
				60EC060121DD45BA006AFE45 /* Assets.xcassets in Resources */,
				60EC05FC21DD45BA006AFE45 /* Main.storyboard in Resources */,
			);
			runOnlyForDeploymentPostprocessing = 0;
		};
/* End PBXResourcesBuildPhase section */

/* Begin PBXShellScriptBuildPhase section */
		91EAF7CB9916E7C3DBBA4B79 /* [CP] Embed Pods Frameworks */ = {
			isa = PBXShellScriptBuildPhase;
			buildActionMask = 2147483647;
			files = (
			);
			inputFileListPaths = (
			);
			inputPaths = (
				"${SRCROOT}/Pods/Target Support Files/Pods-BlockChain_Logic/Pods-BlockChain_Logic-frameworks.sh",
				"${BUILT_PRODUCTS_DIR}/IQKeyboardManagerSwift/IQKeyboardManagerSwift.framework",
			);
			name = "[CP] Embed Pods Frameworks";
			outputFileListPaths = (
			);
			outputPaths = (
				"${TARGET_BUILD_DIR}/${FRAMEWORKS_FOLDER_PATH}/IQKeyboardManagerSwift.framework",
			);
			runOnlyForDeploymentPostprocessing = 0;
			shellPath = /bin/sh;
			shellScript = "\"${SRCROOT}/Pods/Target Support Files/Pods-BlockChain_Logic/Pods-BlockChain_Logic-frameworks.sh\"\n";
			showEnvVarsInLog = 0;
		};
		D688967698AD1F9380D1CB55 /* [CP] Check Pods Manifest.lock */ = {
			isa = PBXShellScriptBuildPhase;
			buildActionMask = 2147483647;
			files = (
			);
			inputFileListPaths = (
			);
			inputPaths = (
				"${PODS_PODFILE_DIR_PATH}/Podfile.lock",
				"${PODS_ROOT}/Manifest.lock",
			);
			name = "[CP] Check Pods Manifest.lock";
			outputFileListPaths = (
			);
			outputPaths = (
				"$(DERIVED_FILE_DIR)/Pods-BlockChain_Logic-checkManifestLockResult.txt",
			);
			runOnlyForDeploymentPostprocessing = 0;
			shellPath = /bin/sh;
			shellScript = "diff \"${PODS_PODFILE_DIR_PATH}/Podfile.lock\" \"${PODS_ROOT}/Manifest.lock\" > /dev/null\nif [ $? != 0 ] ; then\n    # print error to STDERR\n    echo \"error: The sandbox is not in sync with the Podfile.lock. Run 'pod install' or update your CocoaPods installation.\" >&2\n    exit 1\nfi\n# This output is used by Xcode 'outputs' to avoid re-running this script phase.\necho \"SUCCESS\" > \"${SCRIPT_OUTPUT_FILE_0}\"\n";
			showEnvVarsInLog = 0;
		};
/* End PBXShellScriptBuildPhase section */

/* Begin PBXSourcesBuildPhase section */
		60EC05EF21DD45BA006AFE45 /* Sources */ = {
			isa = PBXSourcesBuildPhase;
			buildActionMask = 2147483647;
			files = (
				60EC05F921DD45BA006AFE45 /* MainViewController.swift in Sources */,
				6005716621DD4698001D73A5 /* Block.swift in Sources */,
				6005716A21DD473C001D73A5 /* CustomButton.swift in Sources */,
				60EC05F721DD45BA006AFE45 /* AppDelegate.swift in Sources */,
				60EC05FF21DD45BA006AFE45 /* BlockChain_Logic.xcdatamodeld in Sources */,
				6005716821DD46BC001D73A5 /* Blockchain.swift in Sources */,
			);
			runOnlyForDeploymentPostprocessing = 0;
		};
/* End PBXSourcesBuildPhase section */

/* Begin PBXVariantGroup section */
		60EC05FA21DD45BA006AFE45 /* Main.storyboard */ = {
			isa = PBXVariantGroup;
			children = (
				60EC05FB21DD45BA006AFE45 /* Base */,
			);
			name = Main.storyboard;
			sourceTree = "<group>";
		};
		60EC060221DD45BA006AFE45 /* LaunchScreen.storyboard */ = {
			isa = PBXVariantGroup;
			children = (
				60EC060321DD45BA006AFE45 /* Base */,
			);
			name = LaunchScreen.storyboard;
			sourceTree = "<group>";
		};
/* End PBXVariantGroup section */

/* Begin XCBuildConfiguration section */
		60EC060621DD45BA006AFE45 /* Debug */ = {
			isa = XCBuildConfiguration;
			buildSettings = {
				ALWAYS_SEARCH_USER_PATHS = NO;
				CLANG_ANALYZER_NONNULL = YES;
				CLANG_ANALYZER_NUMBER_OBJECT_CONVERSION = YES_AGGRESSIVE;
				CLANG_CXX_LANGUAGE_STANDARD = "gnu++14";
				CLANG_CXX_LIBRARY = "libc++";
				CLANG_ENABLE_MODULES = YES;
				CLANG_ENABLE_OBJC_ARC = YES;
				CLANG_ENABLE_OBJC_WEAK = YES;
				CLANG_WARN_BLOCK_CAPTURE_AUTORELEASING = YES;
				CLANG_WARN_BOOL_CONVERSION = YES;
				CLANG_WARN_COMMA = YES;
				CLANG_WARN_CONSTANT_CONVERSION = YES;
				CLANG_WARN_DEPRECATED_OBJC_IMPLEMENTATIONS = YES;
				CLANG_WARN_DIRECT_OBJC_ISA_USAGE = YES_ERROR;
				CLANG_WARN_DOCUMENTATION_COMMENTS = YES;
				CLANG_WARN_EMPTY_BODY = YES;
				CLANG_WARN_ENUM_CONVERSION = YES;
				CLANG_WARN_INFINITE_RECURSION = YES;
				CLANG_WARN_INT_CONVERSION = YES;
				CLANG_WARN_NON_LITERAL_NULL_CONVERSION = YES;
				CLANG_WARN_OBJC_IMPLICIT_RETAIN_SELF = YES;
				CLANG_WARN_OBJC_LITERAL_CONVERSION = YES;
				CLANG_WARN_OBJC_ROOT_CLASS = YES_ERROR;
				CLANG_WARN_RANGE_LOOP_ANALYSIS = YES;
				CLANG_WARN_STRICT_PROTOTYPES = YES;
				CLANG_WARN_SUSPICIOUS_MOVE = YES;
				CLANG_WARN_UNGUARDED_AVAILABILITY = YES_AGGRESSIVE;
				CLANG_WARN_UNREACHABLE_CODE = YES;
				CLANG_WARN__DUPLICATE_METHOD_MATCH = YES;
				CODE_SIGN_IDENTITY = "iPhone Developer";
				COPY_PHASE_STRIP = NO;
				DEBUG_INFORMATION_FORMAT = dwarf;
				ENABLE_STRICT_OBJC_MSGSEND = YES;
				ENABLE_TESTABILITY = YES;
				GCC_C_LANGUAGE_STANDARD = gnu11;
				GCC_DYNAMIC_NO_PIC = NO;
				GCC_NO_COMMON_BLOCKS = YES;
				GCC_OPTIMIZATION_LEVEL = 0;
				GCC_PREPROCESSOR_DEFINITIONS = (
					"DEBUG=1",
					"$(inherited)",
				);
				GCC_WARN_64_TO_32_BIT_CONVERSION = YES;
				GCC_WARN_ABOUT_RETURN_TYPE = YES_ERROR;
				GCC_WARN_UNDECLARED_SELECTOR = YES;
				GCC_WARN_UNINITIALIZED_AUTOS = YES_AGGRESSIVE;
				GCC_WARN_UNUSED_FUNCTION = YES;
				GCC_WARN_UNUSED_VARIABLE = YES;
				IPHONEOS_DEPLOYMENT_TARGET = 12.1;
				MTL_ENABLE_DEBUG_INFO = INCLUDE_SOURCE;
				MTL_FAST_MATH = YES;
				ONLY_ACTIVE_ARCH = YES;
				SDKROOT = iphoneos;
				SWIFT_ACTIVE_COMPILATION_CONDITIONS = DEBUG;
				SWIFT_OPTIMIZATION_LEVEL = "-Onone";
			};
			name = Debug;
		};
		60EC060721DD45BA006AFE45 /* Release */ = {
			isa = XCBuildConfiguration;
			buildSettings = {
				ALWAYS_SEARCH_USER_PATHS = NO;
				CLANG_ANALYZER_NONNULL = YES;
				CLANG_ANALYZER_NUMBER_OBJECT_CONVERSION = YES_AGGRESSIVE;
				CLANG_CXX_LANGUAGE_STANDARD = "gnu++14";
				CLANG_CXX_LIBRARY = "libc++";
				CLANG_ENABLE_MODULES = YES;
				CLANG_ENABLE_OBJC_ARC = YES;
				CLANG_ENABLE_OBJC_WEAK = YES;
				CLANG_WARN_BLOCK_CAPTURE_AUTORELEASING = YES;
				CLANG_WARN_BOOL_CONVERSION = YES;
				CLANG_WARN_COMMA = YES;
				CLANG_WARN_CONSTANT_CONVERSION = YES;
				CLANG_WARN_DEPRECATED_OBJC_IMPLEMENTATIONS = YES;
				CLANG_WARN_DIRECT_OBJC_ISA_USAGE = YES_ERROR;
				CLANG_WARN_DOCUMENTATION_COMMENTS = YES;
				CLANG_WARN_EMPTY_BODY = YES;
				CLANG_WARN_ENUM_CONVERSION = YES;
				CLANG_WARN_INFINITE_RECURSION = YES;
				CLANG_WARN_INT_CONVERSION = YES;
				CLANG_WARN_NON_LITERAL_NULL_CONVERSION = YES;
				CLANG_WARN_OBJC_IMPLICIT_RETAIN_SELF = YES;
				CLANG_WARN_OBJC_LITERAL_CONVERSION = YES;
				CLANG_WARN_OBJC_ROOT_CLASS = YES_ERROR;
				CLANG_WARN_RANGE_LOOP_ANALYSIS = YES;
				CLANG_WARN_STRICT_PROTOTYPES = YES;
				CLANG_WARN_SUSPICIOUS_MOVE = YES;
				CLANG_WARN_UNGUARDED_AVAILABILITY = YES_AGGRESSIVE;
				CLANG_WARN_UNREACHABLE_CODE = YES;
				CLANG_WARN__DUPLICATE_METHOD_MATCH = YES;
				CODE_SIGN_IDENTITY = "iPhone Developer";
				COPY_PHASE_STRIP = NO;
				DEBUG_INFORMATION_FORMAT = "dwarf-with-dsym";
				ENABLE_NS_ASSERTIONS = NO;
				ENABLE_STRICT_OBJC_MSGSEND = YES;
				GCC_C_LANGUAGE_STANDARD = gnu11;
				GCC_NO_COMMON_BLOCKS = YES;
				GCC_WARN_64_TO_32_BIT_CONVERSION = YES;
				GCC_WARN_ABOUT_RETURN_TYPE = YES_ERROR;
				GCC_WARN_UNDECLARED_SELECTOR = YES;
				GCC_WARN_UNINITIALIZED_AUTOS = YES_AGGRESSIVE;
				GCC_WARN_UNUSED_FUNCTION = YES;
				GCC_WARN_UNUSED_VARIABLE = YES;
				IPHONEOS_DEPLOYMENT_TARGET = 12.1;
				MTL_ENABLE_DEBUG_INFO = NO;
				MTL_FAST_MATH = YES;
				SDKROOT = iphoneos;
				SWIFT_COMPILATION_MODE = wholemodule;
				SWIFT_OPTIMIZATION_LEVEL = "-O";
				VALIDATE_PRODUCT = YES;
			};
			name = Release;
		};
		60EC060921DD45BA006AFE45 /* Debug */ = {
			isa = XCBuildConfiguration;
			baseConfigurationReference = A3E3D034794BA5B607C95F44 /* Pods-BlockChain_Logic.debug.xcconfig */;
			buildSettings = {
				ASSETCATALOG_COMPILER_APPICON_NAME = AppIcon;
				CODE_SIGN_STYLE = Automatic;
				DEVELOPMENT_TEAM = Y5DDRAWL9G;
				INFOPLIST_FILE = BlockChain_Logic/Info.plist;
				LD_RUNPATH_SEARCH_PATHS = (
					"$(inherited)",
					"@executable_path/Frameworks",
				);
				PRODUCT_BUNDLE_IDENTIFIER = "com.BlockChain.Petar.BlockChain-Logic";
				PRODUCT_NAME = "$(TARGET_NAME)";
				SWIFT_VERSION = 4.2;
				TARGETED_DEVICE_FAMILY = "1,2";
			};
			name = Debug;
		};
		60EC060A21DD45BA006AFE45 /* Release */ = {
			isa = XCBuildConfiguration;
			baseConfigurationReference = A54BCC0487AAA9ABB9BC802F /* Pods-BlockChain_Logic.release.xcconfig */;
			buildSettings = {
				ASSETCATALOG_COMPILER_APPICON_NAME = AppIcon;
				CODE_SIGN_STYLE = Automatic;
				DEVELOPMENT_TEAM = Y5DDRAWL9G;
				INFOPLIST_FILE = BlockChain_Logic/Info.plist;
				LD_RUNPATH_SEARCH_PATHS = (
					"$(inherited)",
					"@executable_path/Frameworks",
				);
				PRODUCT_BUNDLE_IDENTIFIER = "com.BlockChain.Petar.BlockChain-Logic";
				PRODUCT_NAME = "$(TARGET_NAME)";
				SWIFT_VERSION = 4.2;
				TARGETED_DEVICE_FAMILY = "1,2";
			};
			name = Release;
		};
/* End XCBuildConfiguration section */

/* Begin XCConfigurationList section */
		60EC05EE21DD45BA006AFE45 /* Build configuration list for PBXProject "BlockChain_Logic" */ = {
			isa = XCConfigurationList;
			buildConfigurations = (
				60EC060621DD45BA006AFE45 /* Debug */,
				60EC060721DD45BA006AFE45 /* Release */,
			);
			defaultConfigurationIsVisible = 0;
			defaultConfigurationName = Release;
		};
		60EC060821DD45BA006AFE45 /* Build configuration list for PBXNativeTarget "BlockChain_Logic" */ = {
			isa = XCConfigurationList;
			buildConfigurations = (
				60EC060921DD45BA006AFE45 /* Debug */,
				60EC060A21DD45BA006AFE45 /* Release */,
			);
			defaultConfigurationIsVisible = 0;
			defaultConfigurationName = Release;
		};
/* End XCConfigurationList section */

/* Begin XCVersionGroup section */
		60EC05FD21DD45BA006AFE45 /* BlockChain_Logic.xcdatamodeld */ = {
			isa = XCVersionGroup;
			children = (
				60EC05FE21DD45BA006AFE45 /* BlockChain_Logic.xcdatamodel */,
			);
			currentVersion = 60EC05FE21DD45BA006AFE45 /* BlockChain_Logic.xcdatamodel */;
			path = BlockChain_Logic.xcdatamodeld;
			sourceTree = "<group>";
			versionGroupType = wrapper.xcdatamodel;
		};
/* End XCVersionGroup section */
	};
	rootObject = 60EC05EB21DD45BA006AFE45 /* Project object */;
}
